
Microsoft Visual Studio Solution File, Format Version 12.00
# Visual Studio Version 17
VisualStudioVersion = 17.5.33424.131
MinimumVisualStudioVersion = 10.0.40219.1
Project("{FAE04EC0-301F-11D3-BF4B-00C04F79EFBC}") = "Workshop1ConsumerConsole", "Workshop1ConsumerConsole\Workshop1ConsumerConsole.csproj", "{428C2384-3D85-4892-ABD5-CDD28B1B6086}"
EndProject
Global
	GlobalSection(SolutionConfigurationPlatforms) = preSolution
		Debug|Any CPU = Debug|Any CPU
		Release|Any CPU = Release|Any CPU
	EndGlobalSection
	GlobalSection(ProjectConfigurationPlatforms) = postSolution
		{428C2384-3D85-4892-ABD5-CDD28B1B6086}.Debug|Any CPU.ActiveCfg = Debug|Any CPU
		{428C2384-3D85-4892-ABD5-CDD28B1B6086}.Debug|Any CPU.Build.0 = Debug|Any CPU
		{428C2384-3D85-4892-ABD5-CDD28B1B6086}.Release|Any CPU.ActiveCfg = Release|Any CPU
		{428C2384-3D85-4892-ABD5-CDD28B1B6086}.Release|Any CPU.Build.0 = Release|Any CPU
	EndGlobalSection
	GlobalSection(SolutionProperties) = preSolution
		HideSolutionNode = FALSE
	EndGlobalSection
	GlobalSection(ExtensibilityGlobals) = postSolution
		SolutionGuid = {52EDF300-E75A-4DAD-A522-A06452105DF4}
	EndGlobalSection
EndGlobal
